
Microsoft Visual Studio Solution File, Format Version 12.00
# Visual Studio Version 16
VisualStudioVersion = 16.0.31402.337
MinimumVisualStudioVersion = 10.0.40219.1
Project("{FAE04EC0-301F-11D3-BF4B-00C04F79EFBC}") = "Capa_Presentación", "Capa_Presentación\Capa_Presentación.csproj", "{14F88506-633B-40A0-A74C-63A5DB277011}"
EndProject
Project("{FAE04EC0-301F-11D3-BF4B-00C04F79EFBC}") = "Capa_Datos", "Capa_Datos\Capa_Datos.csproj", "{9777B289-55B4-4E19-AD1C-3F303A35CEF9}"
EndProject
Project("{FAE04EC0-301F-11D3-BF4B-00C04F79EFBC}") = "Capa_Negocio", "Capa_Negocio\Capa_Negocio.csproj", "{7CA8C166-62B7-4F4F-8FBF-84B3F72B03A2}"
EndProject
Global
	GlobalSection(SolutionConfigurationPlatforms) = preSolution
		Debug|Any CPU = Debug|Any CPU
		Release|Any CPU = Release|Any CPU
	EndGlobalSection
	GlobalSection(ProjectConfigurationPlatforms) = postSolution
		{14F88506-633B-40A0-A74C-63A5DB277011}.Debug|Any CPU.ActiveCfg = Debug|Any CPU
		{14F88506-633B-40A0-A74C-63A5DB277011}.Debug|Any CPU.Build.0 = Debug|Any CPU
		{14F88506-633B-40A0-A74C-63A5DB277011}.Release|Any CPU.ActiveCfg = Release|Any CPU
		{14F88506-633B-40A0-A74C-63A5DB277011}.Release|Any CPU.Build.0 = Release|Any CPU
		{9777B289-55B4-4E19-AD1C-3F303A35CEF9}.Debug|Any CPU.ActiveCfg = Debug|Any CPU
		{9777B289-55B4-4E19-AD1C-3F303A35CEF9}.Debug|Any CPU.Build.0 = Debug|Any CPU
		{9777B289-55B4-4E19-AD1C-3F303A35CEF9}.Release|Any CPU.ActiveCfg = Release|Any CPU
		{9777B289-55B4-4E19-AD1C-3F303A35CEF9}.Release|Any CPU.Build.0 = Release|Any CPU
		{7CA8C166-62B7-4F4F-8FBF-84B3F72B03A2}.Debug|Any CPU.ActiveCfg = Debug|Any CPU
		{7CA8C166-62B7-4F4F-8FBF-84B3F72B03A2}.Debug|Any CPU.Build.0 = Debug|Any CPU
		{7CA8C166-62B7-4F4F-8FBF-84B3F72B03A2}.Release|Any CPU.ActiveCfg = Release|Any CPU
		{7CA8C166-62B7-4F4F-8FBF-84B3F72B03A2}.Release|Any CPU.Build.0 = Release|Any CPU
	EndGlobalSection
	GlobalSection(SolutionProperties) = preSolution
		HideSolutionNode = FALSE
	EndGlobalSection
	GlobalSection(ExtensibilityGlobals) = postSolution
		SolutionGuid = {EB25A755-4E63-480A-ACD4-603E5E7FF4C6}
	EndGlobalSection
EndGlobal
